
Microsoft Visual Studio Solution File, Format Version 12.00
# Visual Studio 15
VisualStudioVersion = 15.0.27703.2047
MinimumVisualStudioVersion = 10.0.40219.1
Project("{9A19103F-16F7-4668-BE54-9A1E7A4F7556}") = "Blop", "Blop\Blop.csproj", "{8735F405-2D97-4FBE-90FF-A468DC73580A}"
EndProject
Project("{FAE04EC0-301F-11D3-BF4B-00C04F79EFBC}") = "CosmosDBWebApi", "CosmosDBWebApi\CosmosDBWebApi.csproj", "{0DBCEB54-7AF5-475D-AA94-7D1729BDCFDC}"
EndProject
Global
	GlobalSection(SolutionConfigurationPlatforms) = preSolution
		Debug|Any CPU = Debug|Any CPU
		Release|Any CPU = Release|Any CPU
	EndGlobalSection
	GlobalSection(ProjectConfigurationPlatforms) = postSolution
		{8735F405-2D97-4FBE-90FF-A468DC73580A}.Debug|Any CPU.ActiveCfg = Debug|Any CPU
		{8735F405-2D97-4FBE-90FF-A468DC73580A}.Debug|Any CPU.Build.0 = Debug|Any CPU
		{8735F405-2D97-4FBE-90FF-A468DC73580A}.Release|Any CPU.ActiveCfg = Release|Any CPU
		{8735F405-2D97-4FBE-90FF-A468DC73580A}.Release|Any CPU.Build.0 = Release|Any CPU
		{0DBCEB54-7AF5-475D-AA94-7D1729BDCFDC}.Debug|Any CPU.ActiveCfg = Debug|Any CPU
		{0DBCEB54-7AF5-475D-AA94-7D1729BDCFDC}.Debug|Any CPU.Build.0 = Debug|Any CPU
		{0DBCEB54-7AF5-475D-AA94-7D1729BDCFDC}.Release|Any CPU.ActiveCfg = Release|Any CPU
		{0DBCEB54-7AF5-475D-AA94-7D1729BDCFDC}.Release|Any CPU.Build.0 = Release|Any CPU
	EndGlobalSection
	GlobalSection(SolutionProperties) = preSolution
		HideSolutionNode = FALSE
	EndGlobalSection
	GlobalSection(ExtensibilityGlobals) = postSolution
		SolutionGuid = {DE9D3016-8C15-46C8-9CE2-610493C189D1}
	EndGlobalSection
EndGlobal
